
Microsoft Visual Studio Solution File, Format Version 12.00
# Visual Studio Version 17
VisualStudioVersion = 17.6.33801.468
MinimumVisualStudioVersion = 10.0.40219.1
Project("{9A19103F-16F7-4668-BE54-9A1E7A4F7556}") = "ClientApplication.App", "ClientApplication\ClientApplication.App.csproj", "{826B012B-93DC-4326-A801-2E259C6396D9}"
EndProject
Project("{9A19103F-16F7-4668-BE54-9A1E7A4F7556}") = "ClientApplication.Infrastructure", "ClientApplication.Infrastructure\ClientApplication.Infrastructure.csproj", "{6F448CC3-AEAF-449D-8071-B085436785CC}"
EndProject
Project("{9A19103F-16F7-4668-BE54-9A1E7A4F7556}") = "ClientApplication.Core", "ClientApplication.Core\ClientApplication.Core.csproj", "{4B1E9753-0408-44E0-B50B-5486E4E18B36}"
EndProject
Global
	GlobalSection(SolutionConfigurationPlatforms) = preSolution
		Debug|Any CPU = Debug|Any CPU
		Release|Any CPU = Release|Any CPU
	EndGlobalSection
	GlobalSection(ProjectConfigurationPlatforms) = postSolution
		{826B012B-93DC-4326-A801-2E259C6396D9}.Debug|Any CPU.ActiveCfg = Debug|Any CPU
		{826B012B-93DC-4326-A801-2E259C6396D9}.Debug|Any CPU.Build.0 = Debug|Any CPU
		{826B012B-93DC-4326-A801-2E259C6396D9}.Release|Any CPU.ActiveCfg = Release|Any CPU
		{826B012B-93DC-4326-A801-2E259C6396D9}.Release|Any CPU.Build.0 = Release|Any CPU
		{6F448CC3-AEAF-449D-8071-B085436785CC}.Debug|Any CPU.ActiveCfg = Debug|Any CPU
		{6F448CC3-AEAF-449D-8071-B085436785CC}.Debug|Any CPU.Build.0 = Debug|Any CPU
		{6F448CC3-AEAF-449D-8071-B085436785CC}.Release|Any CPU.ActiveCfg = Release|Any CPU
		{6F448CC3-AEAF-449D-8071-B085436785CC}.Release|Any CPU.Build.0 = Release|Any CPU
		{4B1E9753-0408-44E0-B50B-5486E4E18B36}.Debug|Any CPU.ActiveCfg = Debug|Any CPU
		{4B1E9753-0408-44E0-B50B-5486E4E18B36}.Debug|Any CPU.Build.0 = Debug|Any CPU
		{4B1E9753-0408-44E0-B50B-5486E4E18B36}.Release|Any CPU.ActiveCfg = Release|Any CPU
		{4B1E9753-0408-44E0-B50B-5486E4E18B36}.Release|Any CPU.Build.0 = Release|Any CPU
	EndGlobalSection
	GlobalSection(SolutionProperties) = preSolution
		HideSolutionNode = FALSE
	EndGlobalSection
	GlobalSection(ExtensibilityGlobals) = postSolution
		SolutionGuid = {4B533309-374A-4732-89FF-90D6A053BEA8}
	EndGlobalSection
EndGlobal
